
Microsoft Visual Studio Solution File, Format Version 12.00
# Visual Studio Version 17
VisualStudioVersion = 17.0.32126.317
MinimumVisualStudioVersion = 10.0.40219.1
Project("{FAE04EC0-301F-11D3-BF4B-00C04F79EFBC}") = "CarService", "CarService\CarService.csproj", "{A650D68E-106D-4CDF-80F9-E5C9C46FF384}"
EndProject
Project("{FAE04EC0-301F-11D3-BF4B-00C04F79EFBC}") = "ClientForm", "ClientForm\ClientForm.csproj", "{60F55EB8-FE46-485B-B338-9EA55967136B}"
EndProject
Global
	GlobalSection(SolutionConfigurationPlatforms) = preSolution
		Debug|Any CPU = Debug|Any CPU
		Release|Any CPU = Release|Any CPU
	EndGlobalSection
	GlobalSection(ProjectConfigurationPlatforms) = postSolution
		{A650D68E-106D-4CDF-80F9-E5C9C46FF384}.Debug|Any CPU.ActiveCfg = Debug|Any CPU
		{A650D68E-106D-4CDF-80F9-E5C9C46FF384}.Debug|Any CPU.Build.0 = Debug|Any CPU
		{A650D68E-106D-4CDF-80F9-E5C9C46FF384}.Release|Any CPU.ActiveCfg = Release|Any CPU
		{A650D68E-106D-4CDF-80F9-E5C9C46FF384}.Release|Any CPU.Build.0 = Release|Any CPU
		{60F55EB8-FE46-485B-B338-9EA55967136B}.Debug|Any CPU.ActiveCfg = Debug|Any CPU
		{60F55EB8-FE46-485B-B338-9EA55967136B}.Debug|Any CPU.Build.0 = Debug|Any CPU
		{60F55EB8-FE46-485B-B338-9EA55967136B}.Release|Any CPU.ActiveCfg = Release|Any CPU
		{60F55EB8-FE46-485B-B338-9EA55967136B}.Release|Any CPU.Build.0 = Release|Any CPU
	EndGlobalSection
	GlobalSection(SolutionProperties) = preSolution
		HideSolutionNode = FALSE
	EndGlobalSection
	GlobalSection(ExtensibilityGlobals) = postSolution
		SolutionGuid = {84D91050-9356-4C69-8591-9AEC660DDDC6}
	EndGlobalSection
EndGlobal
